// !$*UTF8*$!
{
	archiveVersion = 1;
	classes = {
	};
	objectVersion = 46;
	objects = {

/* Begin PBXBuildFile section */
		EF12872D1B038712009EB204 /* AppDelegate.swift in Sources */ = {isa = PBXBuildFile; fileRef = EF12872C1B038712009EB204 /* AppDelegate.swift */; };
		EF12872F1B038712009EB204 /* ViewController.swift in Sources */ = {isa = PBXBuildFile; fileRef = EF12872E1B038712009EB204 /* ViewController.swift */; };
		EF1287321B038712009EB204 /* Main.storyboard in Resources */ = {isa = PBXBuildFile; fileRef = EF1287301B038712009EB204 /* Main.storyboard */; };
		EF1287341B038712009EB204 /* Images.xcassets in Resources */ = {isa = PBXBuildFile; fileRef = EF1287331B038712009EB204 /* Images.xcassets */; };
		EF1287371B038712009EB204 /* LaunchScreen.xib in Resources */ = {isa = PBXBuildFile; fileRef = EF1287351B038712009EB204 /* LaunchScreen.xib */; };
		EF1287431B038713009EB204 /* BoxPromotionTests.swift in Sources */ = {isa = PBXBuildFile; fileRef = EF1287421B038713009EB204 /* BoxPromotionTests.swift */; };
/* End PBXBuildFile section */

/* Begin PBXContainerItemProxy section */
		EF12873D1B038713009EB204 /* PBXContainerItemProxy */ = {
			isa = PBXContainerItemProxy;
			containerPortal = EF12871F1B038712009EB204 /* Project object */;
			proxyType = 1;
			remoteGlobalIDString = EF1287261B038712009EB204;
			remoteInfo = BoxPromotion;
		};
/* End PBXContainerItemProxy section */

/* Begin PBXFileReference section */
		EF1287271B038712009EB204 /* BoxPromotion.app */ = {isa = PBXFileReference; explicitFileType = wrapper.application; includeInIndex = 0; path = BoxPromotion.app; sourceTree = BUILT_PRODUCTS_DIR; };
		EF12872B1B038712009EB204 /* Info.plist */ = {isa = PBXFileReference; lastKnownFileType = text.plist.xml; path = Info.plist; sourceTree = "<group>"; };
		EF12872C1B038712009EB204 /* AppDelegate.swift */ = {isa = PBXFileReference; lastKnownFileType = sourcecode.swift; path = AppDelegate.swift; sourceTree = "<group>"; };
		EF12872E1B038712009EB204 /* ViewController.swift */ = {isa = PBXFileReference; lastKnownFileType = sourcecode.swift; path = ViewController.swift; sourceTree = "<group>"; };
		EF1287311B038712009EB204 /* Base */ = {isa = PBXFileReference; lastKnownFileType = file.storyboard; name = Base; path = Base.lproj/Main.storyboard; sourceTree = "<group>"; };
		EF1287331B038712009EB204 /* Images.xcassets */ = {isa = PBXFileReference; lastKnownFileType = folder.assetcatalog; path = Images.xcassets; sourceTree = "<group>"; };
		EF1287361B038712009EB204 /* Base */ = {isa = PBXFileReference; lastKnownFileType = file.xib; name = Base; path = Base.lproj/LaunchScreen.xib; sourceTree = "<group>"; };
		EF12873C1B038713009EB204 /* BoxPromotionTests.xctest */ = {isa = PBXFileReference; explicitFileType = wrapper.cfbundle; includeInIndex = 0; path = BoxPromotionTests.xctest; sourceTree = BUILT_PRODUCTS_DIR; };
		EF1287411B038713009EB204 /* Info.plist */ = {isa = PBXFileReference; lastKnownFileType = text.plist.xml; path = Info.plist; sourceTree = "<group>"; };
		EF1287421B038713009EB204 /* BoxPromotionTests.swift */ = {isa = PBXFileReference; lastKnownFileType = sourcecode.swift; path = BoxPromotionTests.swift; sourceTree = "<group>"; };
/* End PBXFileReference section */

/* Begin PBXFrameworksBuildPhase section */
		EF1287241B038712009EB204 /* Frameworks */ = {
			isa = PBXFrameworksBuildPhase;
			buildActionMask = 2147483647;
			files = (
			);
			runOnlyForDeploymentPostprocessing = 0;
		};
		EF1287391B038713009EB204 /* Frameworks */ = {
			isa = PBXFrameworksBuildPhase;
			buildActionMask = 2147483647;
			files = (
			);
			runOnlyForDeploymentPostprocessing = 0;
		};
/* End PBXFrameworksBuildPhase section */

/* Begin PBXGroup section */
		EF12871E1B038712009EB204 = {
			isa = PBXGroup;
			children = (
				EF1287291B038712009EB204 /* BoxPromotion */,
				EF12873F1B038713009EB204 /* BoxPromotionTests */,
				EF1287281B038712009EB204 /* Products */,
			);
			sourceTree = "<group>";
		};
		EF1287281B038712009EB204 /* Products */ = {
			isa = PBXGroup;
			children = (
				EF1287271B038712009EB204 /* BoxPromotion.app */,
				EF12873C1B038713009EB204 /* BoxPromotionTests.xctest */,
			);
			name = Products;
			sourceTree = "<group>";
		};
		EF1287291B038712009EB204 /* BoxPromotion */ = {
			isa = PBXGroup;
			children = (
				EF12872C1B038712009EB204 /* AppDelegate.swift */,
				EF12872E1B038712009EB204 /* ViewController.swift */,
				EF1287301B038712009EB204 /* Main.storyboard */,
				EF1287331B038712009EB204 /* Images.xcassets */,
				EF1287351B038712009EB204 /* LaunchScreen.xib */,
				EF12872A1B038712009EB204 /* Supporting Files */,
			);
			path = BoxPromotion;
			sourceTree = "<group>";
		};
		EF12872A1B038712009EB204 /* Supporting Files */ = {
			isa = PBXGroup;
			children = (
				EF12872B1B038712009EB204 /* Info.plist */,
			);
			name = "Supporting Files";
			sourceTree = "<group>";
		};
		EF12873F1B038713009EB204 /* BoxPromotionTests */ = {
			isa = PBXGroup;
			children = (
				EF1287421B038713009EB204 /* BoxPromotionTests.swift */,
				EF1287401B038713009EB204 /* Supporting Files */,
			);
			path = BoxPromotionTests;
			sourceTree = "<group>";
		};
		EF1287401B038713009EB204 /* Supporting Files */ = {
			isa = PBXGroup;
			children = (
				EF1287411B038713009EB204 /* Info.plist */,
			);
			name = "Supporting Files";
			sourceTree = "<group>";
		};
/* End PBXGroup section */

/* Begin PBXNativeTarget section */
		EF1287261B038712009EB204 /* BoxPromotion */ = {
			isa = PBXNativeTarget;
			buildConfigurationList = EF1287461B038713009EB204 /* Build configuration list for PBXNativeTarget "BoxPromotion" */;
			buildPhases = (
				EF1287231B038712009EB204 /* Sources */,
				EF1287241B038712009EB204 /* Frameworks */,
				EF1287251B038712009EB204 /* Resources */,
			);
			buildRules = (
			);
			dependencies = (
			);
			name = BoxPromotion;
			productName = BoxPromotion;
			productReference = EF1287271B038712009EB204 /* BoxPromotion.app */;
			productType = "com.apple.product-type.application";
		};
		EF12873B1B038713009EB204 /* BoxPromotionTests */ = {
			isa = PBXNativeTarget;
			buildConfigurationList = EF1287491B038713009EB204 /* Build configuration list for PBXNativeTarget "BoxPromotionTests" */;
			buildPhases = (
				EF1287381B038713009EB204 /* Sources */,
				EF1287391B038713009EB204 /* Frameworks */,
				EF12873A1B038713009EB204 /* Resources */,
			);
			buildRules = (
			);
			dependencies = (
				EF12873E1B038713009EB204 /* PBXTargetDependency */,
			);
			name = BoxPromotionTests;
			productName = BoxPromotionTests;
			productReference = EF12873C1B038713009EB204 /* BoxPromotionTests.xctest */;
			productType = "com.apple.product-type.bundle.unit-test";
		};
/* End PBXNativeTarget section */

/* Begin PBXProject section */
		EF12871F1B038712009EB204 /* Project object */ = {
			isa = PBXProject;
			attributes = {
				LastUpgradeCheck = 0630;
				ORGANIZATIONNAME = "Thomas Wiles";
				TargetAttributes = {
					EF1287261B038712009EB204 = {
						CreatedOnToolsVersion = 6.3.1;
					};
					EF12873B1B038713009EB204 = {
						CreatedOnToolsVersion = 6.3.1;
						TestTargetID = EF1287261B038712009EB204;
					};
				};
			};
			buildConfigurationList = EF1287221B038712009EB204 /* Build configuration list for PBXProject "BoxPromotion" */;
			compatibilityVersion = "Xcode 3.2";
			developmentRegion = English;
			hasScannedForEncodings = 0;
			knownRegions = (
				en,
				Base,
			);
			mainGroup = EF12871E1B038712009EB204;
			productRefGroup = EF1287281B038712009EB204 /* Products */;
			projectDirPath = "";
			projectRoot = "";
			targets = (
				EF1287261B038712009EB204 /* BoxPromotion */,
				EF12873B1B038713009EB204 /* BoxPromotionTests */,
			);
		};
/* End PBXProject section */

/* Begin PBXResourcesBuildPhase section */
		EF1287251B038712009EB204 /* Resources */ = {
			isa = PBXResourcesBuildPhase;
			buildActionMask = 2147483647;
			files = (
				EF1287321B038712009EB204 /* Main.storyboard in Resources */,
				EF1287371B038712009EB204 /* LaunchScreen.xib in Resources */,
				EF1287341B038712009EB204 /* Images.xcassets in Resources */,
			);
			runOnlyForDeploymentPostprocessing = 0;
		};
		EF12873A1B038713009EB204 /* Resources */ = {
			isa = PBXResourcesBuildPhase;
			buildActionMask = 2147483647;
			files = (
			);
			runOnlyForDeploymentPostprocessing = 0;
		};
/* End PBXResourcesBuildPhase section */

/* Begin PBXSourcesBuildPhase section */
		EF1287231B038712009EB204 /* Sources */ = {
			isa = PBXSourcesBuildPhase;
			buildActionMask = 2147483647;
			files = (
				EF12872F1B038712009EB204 /* ViewController.swift in Sources */,
				EF12872D1B038712009EB204 /* AppDelegate.swift in Sources */,
			);
			runOnlyForDeploymentPostprocessing = 0;
		};
		EF1287381B038713009EB204 /* Sources */ = {
			isa = PBXSourcesBuildPhase;
			buildActionMask = 2147483647;
			files = (
				EF1287431B038713009EB204 /* BoxPromotionTests.swift in Sources */,
			);
			runOnlyForDeploymentPostprocessing = 0;
		};
/* End PBXSourcesBuildPhase section */

/* Begin PBXTargetDependency section */
		EF12873E1B038713009EB204 /* PBXTargetDependency */ = {
			isa = PBXTargetDependency;
			target = EF1287261B038712009EB204 /* BoxPromotion */;
			targetProxy = EF12873D1B038713009EB204 /* PBXContainerItemProxy */;
		};
/* End PBXTargetDependency section */

/* Begin PBXVariantGroup section */
		EF1287301B038712009EB204 /* Main.storyboard */ = {
			isa = PBXVariantGroup;
			children = (
				EF1287311B038712009EB204 /* Base */,
			);
			name = Main.storyboard;
			sourceTree = "<group>";
		};
		EF1287351B038712009EB204 /* LaunchScreen.xib */ = {
			isa = PBXVariantGroup;
			children = (
				EF1287361B038712009EB204 /* Base */,
			);
			name = LaunchScreen.xib;
			sourceTree = "<group>";
		};
/* End PBXVariantGroup section */

/* Begin XCBuildConfiguration section */
		EF1287441B038713009EB204 /* Debug */ = {
			isa = XCBuildConfiguration;
			buildSettings = {
				ALWAYS_SEARCH_USER_PATHS = NO;
				CLANG_CXX_LANGUAGE_STANDARD = "gnu++0x";
				CLANG_CXX_LIBRARY = "libc++";
				CLANG_ENABLE_MODULES = YES;
				CLANG_ENABLE_OBJC_ARC = YES;
				CLANG_WARN_BOOL_CONVERSION = YES;
				CLANG_WARN_CONSTANT_CONVERSION = YES;
				CLANG_WARN_DIRECT_OBJC_ISA_USAGE = YES_ERROR;
				CLANG_WARN_EMPTY_BODY = YES;
				CLANG_WARN_ENUM_CONVERSION = YES;
				CLANG_WARN_INT_CONVERSION = YES;
				CLANG_WARN_OBJC_ROOT_CLASS = YES_ERROR;
				CLANG_WARN_UNREACHABLE_CODE = YES;
				CLANG_WARN__DUPLICATE_METHOD_MATCH = YES;
				"CODE_SIGN_IDENTITY[sdk=iphoneos*]" = "iPhone Developer";
				COPY_PHASE_STRIP = NO;
				DEBUG_INFORMATION_FORMAT = "dwarf-with-dsym";
				ENABLE_STRICT_OBJC_MSGSEND = YES;
				GCC_C_LANGUAGE_STANDARD = gnu99;
				GCC_DYNAMIC_NO_PIC = NO;
				GCC_NO_COMMON_BLOCKS = YES;
				GCC_OPTIMIZATION_LEVEL = 0;
				GCC_PREPROCESSOR_DEFINITIONS = (
					"DEBUG=1",
					"$(inherited)",
				);
				GCC_SYMBOLS_PRIVATE_EXTERN = NO;
				GCC_WARN_64_TO_32_BIT_CONVERSION = YES;
				GCC_WARN_ABOUT_RETURN_TYPE = YES_ERROR;
				GCC_WARN_UNDECLARED_SELECTOR = YES;
				GCC_WARN_UNINITIALIZED_AUTOS = YES_AGGRESSIVE;
				GCC_WARN_UNUSED_FUNCTION = YES;
				GCC_WARN_UNUSED_VARIABLE = YES;
				IPHONEOS_DEPLOYMENT_TARGET = 8.3;
				MTL_ENABLE_DEBUG_INFO = YES;
				ONLY_ACTIVE_ARCH = YES;
				SDKROOT = iphoneos;
				SWIFT_OPTIMIZATION_LEVEL = "-Onone";
				TARGETED_DEVICE_FAMILY = "1,2";
			};
			name = Debug;
		};
		EF1287451B038713009EB204 /* Release */ = {
			isa = XCBuildConfiguration;
			buildSettings = {
				ALWAYS_SEARCH_USER_PATHS = NO;
				CLANG_CXX_LANGUAGE_STANDARD = "gnu++0x";
				CLANG_CXX_LIBRARY = "libc++";
				CLANG_ENABLE_MODULES = YES;
				CLANG_ENABLE_OBJC_ARC = YES;
				CLANG_WARN_BOOL_CONVERSION = YES;
				CLANG_WARN_CONSTANT_CONVERSION = YES;
				CLANG_WARN_DIRECT_OBJC_ISA_USAGE = YES_ERROR;
				CLANG_WARN_EMPTY_BODY = YES;
				CLANG_WARN_ENUM_CONVERSION = YES;
				CLANG_WARN_INT_CONVERSION = YES;
				CLANG_WARN_OBJC_ROOT_CLASS = YES_ERROR;
				CLANG_WARN_UNREACHABLE_CODE = YES;
				CLANG_WARN__DUPLICATE_METHOD_MATCH = YES;
				"CODE_SIGN_IDENTITY[sdk=iphoneos*]" = "iPhone Developer";
				COPY_PHASE_STRIP = NO;
				DEBUG_INFORMATION_FORMAT = "dwarf-with-dsym";
				ENABLE_NS_ASSERTIONS = NO;
				ENABLE_STRICT_OBJC_MSGSEND = YES;
				GCC_C_LANGUAGE_STANDARD = gnu99;
				GCC_NO_COMMON_BLOCKS = YES;
				GCC_WARN_64_TO_32_BIT_CONVERSION = YES;
				GCC_WARN_ABOUT_RETURN_TYPE = YES_ERROR;
				GCC_WARN_UNDECLARED_SELECTOR = YES;
				GCC_WARN_UNINITIALIZED_AUTOS = YES_AGGRESSIVE;
				GCC_WARN_UNUSED_FUNCTION = YES;
				GCC_WARN_UNUSED_VARIABLE = YES;
				IPHONEOS_DEPLOYMENT_TARGET = 8.3;
				MTL_ENABLE_DEBUG_INFO = NO;
				SDKROOT = iphoneos;
				TARGETED_DEVICE_FAMILY = "1,2";
				VALIDATE_PRODUCT = YES;
			};
			name = Release;
		};
		EF1287471B038713009EB204 /* Debug */ = {
			isa = XCBuildConfiguration;
			buildSettings = {
				ASSETCATALOG_COMPILER_APPICON_NAME = AppIcon;
				INFOPLIST_FILE = BoxPromotion/Info.plist;
				LD_RUNPATH_SEARCH_PATHS = "$(inherited) @executable_path/Frameworks";
				PRODUCT_NAME = "$(TARGET_NAME)";
			};
			name = Debug;
		};
		EF1287481B038713009EB204 /* Release */ = {
			isa = XCBuildConfiguration;
			buildSettings = {
				ASSETCATALOG_COMPILER_APPICON_NAME = AppIcon;
				INFOPLIST_FILE = BoxPromotion/Info.plist;
				LD_RUNPATH_SEARCH_PATHS = "$(inherited) @executable_path/Frameworks";
				PRODUCT_NAME = "$(TARGET_NAME)";
			};
			name = Release;
		};
		EF12874A1B038713009EB204 /* Debug */ = {
			isa = XCBuildConfiguration;
			buildSettings = {
				BUNDLE_LOADER = "$(TEST_HOST)";
				FRAMEWORK_SEARCH_PATHS = (
					"$(SDKROOT)/Developer/Library/Frameworks",
					"$(inherited)",
				);
				GCC_PREPROCESSOR_DEFINITIONS = (
					"DEBUG=1",
					"$(inherited)",
				);
				INFOPLIST_FILE = BoxPromotionTests/Info.plist;
				LD_RUNPATH_SEARCH_PATHS = "$(inherited) @executable_path/Frameworks @loader_path/Frameworks";
				PRODUCT_NAME = "$(TARGET_NAME)";
				TEST_HOST = "$(BUILT_PRODUCTS_DIR)/BoxPromotion.app/BoxPromotion";
			};
			name = Debug;
		};
		EF12874B1B038713009EB204 /* Release */ = {
			isa = XCBuildConfiguration;
			buildSettings = {
				BUNDLE_LOADER = "$(TEST_HOST)";
				FRAMEWORK_SEARCH_PATHS = (
					"$(SDKROOT)/Developer/Library/Frameworks",
					"$(inherited)",
				);
				INFOPLIST_FILE = BoxPromotionTests/Info.plist;
				LD_RUNPATH_SEARCH_PATHS = "$(inherited) @executable_path/Frameworks @loader_path/Frameworks";
				PRODUCT_NAME = "$(TARGET_NAME)";
				TEST_HOST = "$(BUILT_PRODUCTS_DIR)/BoxPromotion.app/BoxPromotion";
			};
			name = Release;
		};
/* End XCBuildConfiguration section */

/* Begin XCConfigurationList section */
		EF1287221B038712009EB204 /* Build configuration list for PBXProject "BoxPromotion" */ = {
			isa = XCConfigurationList;
			buildConfigurations = (
				EF1287441B038713009EB204 /* Debug */,
				EF1287451B038713009EB204 /* Release */,
			);
			defaultConfigurationIsVisible = 0;
			defaultConfigurationName = Release;
		};
		EF1287461B038713009EB204 /* Build configuration list for PBXNativeTarget "BoxPromotion" */ = {
			isa = XCConfigurationList;
			buildConfigurations = (
				EF1287471B038713009EB204 /* Debug */,
				EF1287481B038713009EB204 /* Release */,
			);
			defaultConfigurationIsVisible = 0;
		};
		EF1287491B038713009EB204 /* Build configuration list for PBXNativeTarget "BoxPromotionTests" */ = {
			isa = XCConfigurationList;
			buildConfigurations = (
				EF12874A1B038713009EB204 /* Debug */,
				EF12874B1B038713009EB204 /* Release */,
			);
			defaultConfigurationIsVisible = 0;
		};
/* End XCConfigurationList section */
	};
	rootObject = EF12871F1B038712009EB204 /* Project object */;
}
